--- 
hash: e20ec6131647f0225dd1d85532f5f0b84875dd52
sources: 
- Rubygems: 
    uri: http://gemcutter.org
specs: 
- rake: 
    version: 0.8.7
- addressable: 
    version: 2.1.2
- facets: 
    version: 2.8.4
- anise: 
    version: 0.4.0
- json_pure: 
    version: 1.4.3
- rubyforge: 
    version: 2.0.4
- hoe: 
    version: 2.6.1
- chronic: 
    version: 0.2.3
- daemons: 
    version: 1.1.0
- data_objects: 
    version: 0.10.2
- extlib: 
    version: 0.9.15
- dm-core: 
    version: 1.0.0
- dm-ar-finders: 
    version: 1.0.0
- dm-do-adapter: 
    version: 1.0.0
- dm-migrations: 
    version: 1.0.0
- do_mysql: 
    version: 0.10.2
- dm-mysql-adapter: 
    version: 1.0.0
- dm-timestamps: 
    version: 1.0.0
- dm-validations: 
    version: 1.0.0
dependencies: 
  daemons: 
    version: ">= 0"
    group: 
    - :default
  anise: 
    version: ">= 0"
    group: 
    - :default
  facets: 
    version: ">= 0"
    group: 
    - :pre_config
  dm-mysql-adapter: 
    version: ">= 0"
    group: 
    - :datamapper
  dm-core: 
    version: ">= 0"
    group: 
    - :datamapper
  dm-migrations: 
    version: ">= 0"
    group: 
    - :datamapper
  chronic: 
    version: ">= 0"
    group: 
    - :scorekeeper
  dm-ar-finders: 
    version: ">= 0"
    group: 
    - :datamapper
  dm-validations: 
    version: ">= 0"
    group: 
    - :datamapper
  dm-timestamps: 
    version: ">= 0"
    group: 
    - :datamapper
